{
    "_readme": [
        "This file locks the dependencies of your project to a known state",
        "Read more about it at https://getcomposer.org/doc/01-basic-usage.md#composer-lock-the-lock-file",
        "This file is @generated automatically"
    ],
    "hash": "6f1d16f1ffd60aaac751fe8b27cb0287",
    "content-hash": "c91f3dfe63d81a34c66c20bda401be84",
    "packages": [
        {
            "name": "embedly/embedly-php",
            "version": "v0.5.5",
            "source": {
                "type": "git",
                "url": "https://github.com/embedly/embedly-php.git",
                "reference": "a2cbf6dc45c1a8d82063ef099216f74007c8ad1a"
            },
            "dist": {
                "type": "zip",
                "url": "https://api.github.com/repos/embedly/embedly-php/zipball/a2cbf6dc45c1a8d82063ef099216f74007c8ad1a",
                "reference": "a2cbf6dc45c1a8d82063ef099216f74007c8ad1a",
                "shasum": ""
            },
            "require": {
                "php": ">=5.3.0"
            },
            "require-dev": {
                "behat/behat": "2.4.*@stable",
                "phpunit/phpunit": "3.7.*"
            },
            "type": "library",
            "autoload": {
                "psr-0": {
                    "Embedly": "src"
                }
            },
            "notification-url": "https://packagist.org/downloads/",
            "license": [
                "MIT"
            ],
            "authors": [
                {
                    "name": "Bob Corsaro",
                    "email": "rcorsaro@gmail.com",
                    "homepage": "http://bit.ly/rcorsaro"
                }
            ],
            "description": "Embedly library for PHP",
            "homepage": "https://github.com/embedly",
            "keywords": [
                "embedly"
            ],
            "time": "2015-02-05 15:06:38"
        },
        {
            "name": "erusev/parsedown",
            "version": "1.6.0",
            "source": {
                "type": "git",
                "url": "https://github.com/erusev/parsedown.git",
                "reference": "3ebbd730b5c2cf5ce78bc1bf64071407fc6674b7"
            },
            "dist": {
                "type": "zip",
                "url": "https://api.github.com/repos/erusev/parsedown/zipball/3ebbd730b5c2cf5ce78bc1bf64071407fc6674b7",
                "reference": "3ebbd730b5c2cf5ce78bc1bf64071407fc6674b7",
                "shasum": ""
            },
            "type": "library",
            "autoload": {
                "psr-0": {
                    "Parsedown": ""
                }
            },
            "notification-url": "https://packagist.org/downloads/",
            "license": [
                "MIT"
            ],
            "authors": [
                {
                    "name": "Emanuil Rusev",
                    "email": "hello@erusev.com",
                    "homepage": "http://erusev.com"
                }
            ],
            "description": "Parser for Markdown.",
            "homepage": "http://parsedown.org",
            "keywords": [
                "markdown",
                "parser"
            ],
            "time": "2015-10-04 16:44:32"
        },
        {
            "name": "erusev/parsedown-extra",
            "version": "0.7.1",
            "source": {
                "type": "git",
                "url": "https://github.com/erusev/parsedown-extra.git",
                "reference": "0db5cce7354e4b76f155d092ab5eb3981c21258c"
            },
            "dist": {
                "type": "zip",
                "url": "https://api.github.com/repos/erusev/parsedown-extra/zipball/0db5cce7354e4b76f155d092ab5eb3981c21258c",
                "reference": "0db5cce7354e4b76f155d092ab5eb3981c21258c",
                "shasum": ""
            },
            "require": {
                "erusev/parsedown": "~1.4"
            },
            "type": "library",
            "autoload": {
                "psr-0": {
                    "ParsedownExtra": ""
                }
            },
            "notification-url": "https://packagist.org/downloads/",
            "license": [
                "MIT"
            ],
            "authors": [
                {
                    "name": "Emanuil Rusev",
                    "email": "hello@erusev.com",
                    "homepage": "http://erusev.com"
                }
            ],
            "description": "An extension of Parsedown that adds support for Markdown Extra.",
            "homepage": "https://github.com/erusev/parsedown-extra",
            "keywords": [
                "markdown",
                "markdown extra",
                "parsedown",
                "parser"
            ],
            "time": "2015-11-01 10:19:22"
        },
        {
            "name": "hashids/hashids",
            "version": "1.0.6",
            "source": {
                "type": "git",
                "url": "https://github.com/ivanakimov/hashids.php.git",
                "reference": "6bd7ceffb2ccddef6cd64e88f1717f97d131cc3c"
            },
            "dist": {
                "type": "zip",
                "url": "https://api.github.com/repos/ivanakimov/hashids.php/zipball/6bd7ceffb2ccddef6cd64e88f1717f97d131cc3c",
                "reference": "6bd7ceffb2ccddef6cd64e88f1717f97d131cc3c",
                "shasum": ""
            },
            "require": {
                "php": "^5.3.3 || ^7.0"
            },
            "require-dev": {
                "phpunit/phpunit": "^4.8 || ^5.0"
            },
            "type": "library",
            "extra": {
                "branch-alias": {
                    "dev-master": "1.0-dev"
                }
            },
            "autoload": {
                "psr-4": {
                    "Hashids\\": "lib/Hashids/"
                }
            },
            "notification-url": "https://packagist.org/downloads/",
            "license": [
                "MIT"
            ],
            "authors": [
                {
                    "name": "Ivan Akimov",
                    "email": "ivan@barreleye.com",
                    "homepage": "https://twitter.com/IvanAkimov"
                }
            ],
            "description": "Generate short, unique, non-sequential ids (like YouTube and Bitly) from numbers.",
            "homepage": "http://hashids.org/php",
            "keywords": [
                "bitly",
                "decode",
                "encode",
                "hash",
                "hashid",
                "hashids",
                "ids",
                "obfuscate",
                "youtube"
            ],
            "time": "2016-01-21 04:26:38"
        },
        {
            "name": "jeremeamia/SuperClosure",
            "version": "2.2.0",
            "source": {
                "type": "git",
                "url": "https://github.com/jeremeamia/super_closure.git",
                "reference": "29a88be2a4846d27c1613aed0c9071dfad7b5938"
            },
            "dist": {
                "type": "zip",
                "url": "https://api.github.com/repos/jeremeamia/super_closure/zipball/29a88be2a4846d27c1613aed0c9071dfad7b5938",
                "reference": "29a88be2a4846d27c1613aed0c9071dfad7b5938",
                "shasum": ""
            },
            "require": {
                "nikic/php-parser": "^1.2|^2.0",
                "php": ">=5.4",
                "symfony/polyfill-php56": "^1.0"
            },
            "require-dev": {
                "phpunit/phpunit": "^4.0|^5.0"
            },
            "type": "library",
            "extra": {
                "branch-alias": {
                    "dev-master": "2.2-dev"
                }
            },
            "autoload": {
                "psr-4": {
                    "SuperClosure\\": "src/"
                }
            },
            "notification-url": "https://packagist.org/downloads/",
            "license": [
                "MIT"
            ],
            "authors": [
                {
                    "name": "Jeremy Lindblom",
                    "email": "jeremeamia@gmail.com",
                    "homepage": "https://github.com/jeremeamia",
                    "role": "Developer"
                }
            ],
            "description": "Serialize Closure objects, including their context and binding",
            "homepage": "https://github.com/jeremeamia/super_closure",
            "keywords": [
                "closure",
                "function",
                "lambda",
                "parser",
                "serializable",
                "serialize",
                "tokenizer"
            ],
            "time": "2015-12-05 17:17:57"
        },
        {
            "name": "michelf/php-markdown",
            "version": "1.6.0",
            "source": {
                "type": "git",
                "url": "https://github.com/michelf/php-markdown.git",
                "reference": "156e56ee036505ec637d761ee62dc425d807183c"
            },
            "dist": {
                "type": "zip",
                "url": "https://api.github.com/repos/michelf/php-markdown/zipball/156e56ee036505ec637d761ee62dc425d807183c",
                "reference": "156e56ee036505ec637d761ee62dc425d807183c",
                "shasum": ""
            },
            "require": {
                "php": ">=5.3.0"
            },
            "type": "library",
            "extra": {
                "branch-alias": {
                    "dev-lib": "1.4.x-dev"
                }
            },
            "autoload": {
                "psr-0": {
                    "Michelf": ""
                }
            },
            "notification-url": "https://packagist.org/downloads/",
            "license": [
                "BSD-3-Clause"
            ],
            "authors": [
                {
                    "name": "Michel Fortin",
                    "email": "michel.fortin@michelf.ca",
                    "homepage": "https://michelf.ca/",
                    "role": "Developer"
                },
                {
                    "name": "John Gruber",
                    "homepage": "https://daringfireball.net/"
                }
            ],
            "description": "PHP Markdown",
            "homepage": "https://michelf.ca/projects/php-markdown/",
            "keywords": [
                "markdown"
            ],
            "time": "2015-12-24 01:37:31"
        },
        {
            "name": "nikic/php-parser",
            "version": "v2.1.0",
            "source": {
                "type": "git",
                "url": "https://github.com/nikic/PHP-Parser.git",
                "reference": "47b254ea51f1d6d5dc04b9b299e88346bf2369e3"
            },
            "dist": {
                "type": "zip",
                "url": "https://api.github.com/repos/nikic/PHP-Parser/zipball/47b254ea51f1d6d5dc04b9b299e88346bf2369e3",
                "reference": "47b254ea51f1d6d5dc04b9b299e88346bf2369e3",
                "shasum": ""
            },
            "require": {
                "ext-tokenizer": "*",
                "php": ">=5.4"
            },
            "require-dev": {
                "phpunit/phpunit": "~4.0"
            },
            "bin": [
                "bin/php-parse"
            ],
            "type": "library",
            "extra": {
                "branch-alias": {
                    "dev-master": "2.1-dev"
                }
            },
            "autoload": {
                "psr-4": {
                    "PhpParser\\": "lib/PhpParser"
                }
            },
            "notification-url": "https://packagist.org/downloads/",
            "license": [
                "BSD-3-Clause"
            ],
            "authors": [
                {
                    "name": "Nikita Popov"
                }
            ],
            "description": "A PHP parser written in PHP",
            "keywords": [
                "parser",
                "php"
            ],
            "time": "2016-04-19 13:41:41"
        },
        {
            "name": "paragonie/random_compat",
            "version": "v2.0.2",
            "source": {
                "type": "git",
                "url": "https://github.com/paragonie/random_compat.git",
                "reference": "088c04e2f261c33bed6ca5245491cfca69195ccf"
            },
            "dist": {
                "type": "zip",
                "url": "https://api.github.com/repos/paragonie/random_compat/zipball/088c04e2f261c33bed6ca5245491cfca69195ccf",
                "reference": "088c04e2f261c33bed6ca5245491cfca69195ccf",
                "shasum": ""
            },
            "require": {
                "php": ">=5.2.0"
            },
            "require-dev": {
                "phpunit/phpunit": "4.*|5.*"
            },
            "suggest": {
                "ext-libsodium": "Provides a modern crypto API that can be used to generate random bytes."
            },
            "type": "library",
            "autoload": {
                "files": [
                    "lib/random.php"
                ]
            },
            "notification-url": "https://packagist.org/downloads/",
            "license": [
                "MIT"
            ],
            "authors": [
                {
                    "name": "Paragon Initiative Enterprises",
                    "email": "security@paragonie.com",
                    "homepage": "https://paragonie.com"
                }
            ],
            "description": "PHP 5.x polyfill for random_bytes() and random_int() from PHP 7",
            "keywords": [
                "csprng",
                "pseudorandom",
                "random"
            ],
            "time": "2016-04-03 06:00:07"
        },
        {
            "name": "phpmailer/phpmailer",
            "version": "v5.2.16",
            "source": {
                "type": "git",
                "url": "https://github.com/PHPMailer/PHPMailer.git",
                "reference": "1d85f9ef3ecfc42bbc4f3c70d5e37ca9a65f629a"
            },
            "dist": {
                "type": "zip",
                "url": "https://api.github.com/repos/PHPMailer/PHPMailer/zipball/1d85f9ef3ecfc42bbc4f3c70d5e37ca9a65f629a",
                "reference": "1d85f9ef3ecfc42bbc4f3c70d5e37ca9a65f629a",
                "shasum": ""
            },
            "require": {
                "php": ">=5.0.0"
            },
            "require-dev": {
                "phpdocumentor/phpdocumentor": "*",
                "phpunit/phpunit": "4.7.*"
            },
            "suggest": {
                "league/oauth2-google": "Needed for Google XOAUTH2 authentication"
            },
            "type": "library",
            "autoload": {
                "classmap": [
                    "class.phpmailer.php",
                    "class.phpmaileroauth.php",
                    "class.phpmaileroauthgoogle.php",
                    "class.smtp.php",
                    "class.pop3.php",
                    "extras/EasyPeasyICS.php",
                    "extras/ntlm_sasl_client.php"
                ]
            },
            "notification-url": "https://packagist.org/downloads/",
            "license": [
                "LGPL-2.1"
            ],
            "authors": [
                {
                    "name": "Jim Jagielski",
                    "email": "jimjag@gmail.com"
                },
                {
                    "name": "Marcus Bointon",
                    "email": "phpmailer@synchromedia.co.uk"
                },
                {
                    "name": "Andy Prevost",
                    "email": "codeworxtech@users.sourceforge.net"
                },
                {
                    "name": "Brent R. Matzelle"
                }
            ],
            "description": "PHPMailer is a full-featured email creation and transfer class for PHP",
            "time": "2016-06-06 09:09:37"
        },
        {
            "name": "ramsey/uuid",
            "version": "3.4.1",
            "source": {
                "type": "git",
                "url": "https://github.com/ramsey/uuid.git",
                "reference": "b4fe3b7387cb323fd15ad5837cae992422c9fa5c"
            },
            "dist": {
                "type": "zip",
                "url": "https://api.github.com/repos/ramsey/uuid/zipball/b4fe3b7387cb323fd15ad5837cae992422c9fa5c",
                "reference": "b4fe3b7387cb323fd15ad5837cae992422c9fa5c",
                "shasum": ""
            },
            "require": {
                "paragonie/random_compat": "^1.0|^2.0",
                "php": ">=5.4"
            },
            "replace": {
                "rhumsaa/uuid": "self.version"
            },
            "require-dev": {
                "apigen/apigen": "^4.1",
                "codeception/aspect-mock": "1.0.0",
                "goaop/framework": "1.0.0-alpha.2",
                "ircmaxell/random-lib": "^1.1",
                "jakub-onderka/php-parallel-lint": "^0.9.0",
                "mockery/mockery": "^0.9.4",
                "moontoast/math": "^1.1",
                "phpunit/phpunit": "^4.7|^5.0",
                "satooshi/php-coveralls": "^0.6.1",
                "squizlabs/php_codesniffer": "^2.3"
            },
            "suggest": {
                "ext-libsodium": "Provides the PECL libsodium extension for use with the SodiumRandomGenerator",
                "ext-uuid": "Provides the PECL UUID extension for use with the PeclUuidTimeGenerator and PeclUuidRandomGenerator",
                "ircmaxell/random-lib": "Provides RandomLib for use with the RandomLibAdapter",
                "moontoast/math": "Provides support for converting UUID to 128-bit integer (in string form).",
                "ramsey/uuid-console": "A console application for generating UUIDs with ramsey/uuid",
                "ramsey/uuid-doctrine": "Allows the use of Ramsey\\Uuid\\Uuid as Doctrine field type."
            },
            "type": "library",
            "extra": {
                "branch-alias": {
                    "dev-master": "3.x-dev"
                }
            },
            "autoload": {
                "psr-4": {
                    "Ramsey\\Uuid\\": "src/"
                }
            },
            "notification-url": "https://packagist.org/downloads/",
            "license": [
                "MIT"
            ],
            "authors": [
                {
                    "name": "Marijn Huizendveld",
                    "email": "marijn.huizendveld@gmail.com"
                },
                {
                    "name": "Thibaud Fabre",
                    "email": "thibaud@aztech.io"
                },
                {
                    "name": "Ben Ramsey",
                    "email": "ben@benramsey.com",
                    "homepage": "https://benramsey.com"
                }
            ],
            "description": "Formerly rhumsaa/uuid. A PHP 5.4+ library for generating RFC 4122 version 1, 3, 4, and 5 universally unique identifiers (UUID).",
            "homepage": "https://github.com/ramsey/uuid",
            "keywords": [
                "guid",
                "identifier",
                "uuid"
            ],
            "time": "2016-04-24 00:30:41"
        },
        {
            "name": "symfony/polyfill-php56",
            "version": "v1.2.0",
            "source": {
                "type": "git",
                "url": "https://github.com/symfony/polyfill-php56.git",
                "reference": "3edf57a8fbf9a927533344cef65ad7e1cf31030a"
            },
            "dist": {
                "type": "zip",
                "url": "https://api.github.com/repos/symfony/polyfill-php56/zipball/3edf57a8fbf9a927533344cef65ad7e1cf31030a",
                "reference": "3edf57a8fbf9a927533344cef65ad7e1cf31030a",
                "shasum": ""
            },
            "require": {
                "php": ">=5.3.3",
                "symfony/polyfill-util": "~1.0"
            },
            "type": "library",
            "extra": {
                "branch-alias": {
                    "dev-master": "1.2-dev"
                }
            },
            "autoload": {
                "psr-4": {
                    "Symfony\\Polyfill\\Php56\\": ""
                },
                "files": [
                    "bootstrap.php"
                ]
            },
            "notification-url": "https://packagist.org/downloads/",
            "license": [
                "MIT"
            ],
            "authors": [
                {
                    "name": "Nicolas Grekas",
                    "email": "p@tchwork.com"
                },
                {
                    "name": "Symfony Community",
                    "homepage": "https://symfony.com/contributors"
                }
            ],
            "description": "Symfony polyfill backporting some PHP 5.6+ features to lower PHP versions",
            "homepage": "https://symfony.com",
            "keywords": [
                "compatibility",
                "polyfill",
                "portable",
                "shim"
            ],
            "time": "2016-05-18 14:26:46"
        },
        {
            "name": "symfony/polyfill-util",
            "version": "v1.2.0",
            "source": {
                "type": "git",
                "url": "https://github.com/symfony/polyfill-util.git",
                "reference": "ef830ce3d218e622b221d6bfad42c751d974bf99"
            },
            "dist": {
                "type": "zip",
                "url": "https://api.github.com/repos/symfony/polyfill-util/zipball/ef830ce3d218e622b221d6bfad42c751d974bf99",
                "reference": "ef830ce3d218e622b221d6bfad42c751d974bf99",
                "shasum": ""
            },
            "require": {
                "php": ">=5.3.3"
            },
            "type": "library",
            "extra": {
                "branch-alias": {
                    "dev-master": "1.2-dev"
                }
            },
            "autoload": {
                "psr-4": {
                    "Symfony\\Polyfill\\Util\\": ""
                }
            },
            "notification-url": "https://packagist.org/downloads/",
            "license": [
                "MIT"
            ],
            "authors": [
                {
                    "name": "Nicolas Grekas",
                    "email": "p@tchwork.com"
                },
                {
                    "name": "Symfony Community",
                    "homepage": "https://symfony.com/contributors"
                }
            ],
            "description": "Symfony utilities for portability of PHP codes",
            "homepage": "https://symfony.com",
            "keywords": [
                "compat",
                "compatibility",
                "polyfill",
                "shim"
            ],
            "time": "2016-05-18 14:26:46"
        },
        {
            "name": "symfony/yaml",
            "version": "v2.8.8",
            "source": {
                "type": "git",
                "url": "https://github.com/symfony/yaml.git",
                "reference": "dba4bb5846798cd12f32e2d8f3f35d77045773c8"
            },
            "dist": {
                "type": "zip",
                "url": "https://api.github.com/repos/symfony/yaml/zipball/dba4bb5846798cd12f32e2d8f3f35d77045773c8",
                "reference": "dba4bb5846798cd12f32e2d8f3f35d77045773c8",
                "shasum": ""
            },
            "require": {
                "php": ">=5.3.9"
            },
            "type": "library",
            "extra": {
                "branch-alias": {
                    "dev-master": "2.8-dev"
                }
            },
            "autoload": {
                "psr-4": {
                    "Symfony\\Component\\Yaml\\": ""
                },
                "exclude-from-classmap": [
                    "/Tests/"
                ]
            },
            "notification-url": "https://packagist.org/downloads/",
            "license": [
                "MIT"
            ],
            "authors": [
                {
                    "name": "Fabien Potencier",
                    "email": "fabien@symfony.com"
                },
                {
                    "name": "Symfony Community",
                    "homepage": "https://symfony.com/contributors"
                }
            ],
            "description": "Symfony Yaml Component",
            "homepage": "https://symfony.com",
            "time": "2016-06-29 05:29:29"
        },
        {
            "name": "websharks/core",
            "version": "dev-dev",
            "source": {
                "type": "git",
                "url": "https://github.com/websharks/core.git",
                "reference": "87746435c8f98ceb4093a6ce6bb14b558cc2df7e"
            },
            "dist": {
                "type": "zip",
                "url": "https://api.github.com/repos/websharks/core/zipball/87746435c8f98ceb4093a6ce6bb14b558cc2df7e",
                "reference": "87746435c8f98ceb4093a6ce6bb14b558cc2df7e",
                "shasum": ""
            },
            "require": {
                "embedly/embedly-php": "0.*",
                "erusev/parsedown": "1.*",
                "erusev/parsedown-extra": "0.*",
                "ext-ctype": "*",
                "ext-curl": "*",
                "ext-date": "*",
                "ext-dom": "*",
                "ext-fileinfo": "*",
                "ext-filter": "*",
                "ext-gd": "*",
                "ext-hash": "*",
                "ext-iconv": "*",
                "ext-intl": "*",
                "ext-json": "*",
                "ext-libxml": "*",
                "ext-mbstring": "*",
                "ext-mcrypt": "*",
                "ext-openssl": "*",
                "ext-pcre": "*",
                "ext-phar": "*",
                "ext-reflection": "*",
                "ext-session": "*",
                "ext-simplexml": "*",
                "ext-spl": "*",
                "ext-tokenizer": "*",
                "ext-xml": "*",
                "ext-xmlreader": "*",
                "ext-xmlwriter": "*",
                "ext-zlib": "*",
                "hashids/hashids": "1.*",
                "jeremeamia/superclosure": "2.*",
                "lib-curl": "*",
                "lib-iconv": "*",
                "lib-icu": "*",
                "lib-libxml": "*",
                "lib-openssl": "*",
                "lib-pcre": "*",
                "michelf/php-markdown": "1.*",
                "php-64bit": ">=7.0.4",
                "phpmailer/phpmailer": "5.*",
                "ramsey/uuid": "3.*",
                "symfony/yaml": "2.*",
                "websharks/dicer": "160110",
                "websharks/sharkicons": "160620"
            },
            "require-dev": {
                "aws/aws-sdk-php": "3.*",
                "corneltek/getoptionkit": "2.*",
                "ext-bcmath": "*",
                "ext-gmp": "*",
                "ext-memcached": "*",
                "ext-mysqlnd": "*",
                "ext-pdo": "*",
                "ext-pdo_mysql": "*",
                "ext-pspell": "*",
                "ext-zend-opcache": "*",
                "ext-zip": "*",
                "lusitanian/oauth": "0.*",
                "ryakad/pandoc-php": "1.*"
            },
            "suggest": {
                "aws/aws-sdk-php": "3.* :: Required for routines that interact with the AWS API.",
                "corneltek/getoptionkit": "2.* :: Required for routines that parse CLI opts.",
                "ext-PDO": "* :: Required when using PDO utilities.",
                "ext-Zend-OPcache": "* :: Highly recommended for faster processing.",
                "ext-bcmath": "* :: Required by routines that deal with large numbers.",
                "ext-gmp": "* :: Required by routines that deal with large numbers.",
                "ext-memcached": "* :: Required by routines that deal Memcache.",
                "ext-mysqlnd": "* :: Required when using PDO utilities.",
                "ext-pdo_mysql": "* :: Required when using PDO utilities.",
                "ext-pspell": "* :: Required by routines that deal with spellcheck.",
                "ext-zip": "* :: Required by routines that deal with ZIP files.",
                "lusitanian/oauth": "0.* :: Required when using SSO and other related utils.",
                "ryakad/pandoc-php": "1.* :: Required by routines that use Pandoc."
            },
            "type": "library",
            "autoload": {
                "psr-4": {
                    "WebSharks\\Core\\Classes\\": "src/includes/classes",
                    "WebSharks\\Core\\Functions\\": "src/includes/functions",
                    "WebSharks\\Core\\Interfaces\\": "src/includes/interfaces",
                    "WebSharks\\Core\\Traits\\": "src/includes/traits"
                },
                "files": [
                    "src/includes/functions/.load.php"
                ]
            },
            "notification-url": "https://packagist.org/downloads/",
            "license": [
                "GPL-3.0+"
            ],
            "authors": [
                {
                    "name": "websharks",
                    "homepage": "https://websharks.org",
                    "role": "company"
                },
                {
                    "name": "jaswsinc",
                    "homepage": "https://jaswsinc.com",
                    "role": "developer"
                },
                {
                    "name": "raamdev",
                    "homepage": "http://raam.org",
                    "role": "developer"
                }
            ],
            "description": "Core PHP library used by WebSharks, Inc.",
            "homepage": "https://github.com/websharks/core",
            "keywords": [
                "core",
                "websharks"
            ],
            "time": "2016-07-21 14:16:42"
        },
        {
            "name": "websharks/dicer",
            "version": "160110",
            "source": {
                "type": "git",
                "url": "https://github.com/websharks/dicer.git",
                "reference": "044696b13f196f4f0ab0905de05346a0090655f5"
            },
            "dist": {
                "type": "zip",
                "url": "https://api.github.com/repos/websharks/dicer/zipball/044696b13f196f4f0ab0905de05346a0090655f5",
                "reference": "044696b13f196f4f0ab0905de05346a0090655f5",
                "shasum": ""
            },
            "require": {
                "php": ">=7.0.0-RC7"
            },
            "type": "library",
            "autoload": {
                "psr-4": {
                    "WebSharks\\Dicer\\": "src/includes/classes"
                }
            },
            "notification-url": "https://packagist.org/downloads/",
            "license": [
                "GPL-3.0+"
            ],
            "authors": [
                {
                    "name": "websharks",
                    "homepage": "http://websharks-inc.com/",
                    "role": "company"
                },
                {
                    "name": "jaswsinc",
                    "homepage": "http://jaswsinc.com/",
                    "role": "developer"
                },
                {
                    "name": "raamdev",
                    "homepage": "http://raam.org/",
                    "role": "developer"
                }
            ],
            "description": "Dependency injector for PHP.",
            "homepage": "https://github.com/websharks/dicer",
            "keywords": [
                "websharks"
            ],
            "time": "2016-01-10 08:24:59"
        },
        {
            "name": "websharks/sharkicons",
            "version": "160620",
            "source": {
                "type": "git",
                "url": "https://github.com/websharks/sharkicons.git",
                "reference": "143d22fdac108ba546e9ee8c264ac043c69fd6fb"
            },
            "dist": {
                "type": "zip",
                "url": "https://api.github.com/repos/websharks/sharkicons/zipball/143d22fdac108ba546e9ee8c264ac043c69fd6fb",
                "reference": "143d22fdac108ba546e9ee8c264ac043c69fd6fb",
                "shasum": ""
            },
            "require-dev": {
                "package/bourbon": "4.2.3"
            },
            "type": "library",
            "autoload": {
                "psr-4": []
            },
            "notification-url": "https://packagist.org/downloads/",
            "license": [
                "GPL-3.0+"
            ],
            "authors": [
                {
                    "name": "websharks",
                    "homepage": "http://websharks-inc.com/",
                    "role": "company"
                },
                {
                    "name": "jaswsinc",
                    "homepage": "http://jaswsinc.com/",
                    "role": "developer"
                },
                {
                    "name": "raamdev",
                    "homepage": "http://raam.org/",
                    "role": "developer"
                }
            ],
            "description": "Font containing WebSharks logos/icons & more.",
            "homepage": "https://github.com/websharks/sharkicons",
            "keywords": [
                "icons",
                "websharks"
            ],
            "time": "2016-06-20 07:31:45"
        },
        {
            "name": "websharks/wp-php-rv",
            "version": "dev-master",
            "source": {
                "type": "git",
                "url": "https://github.com/websharks/wp-php-rv.git",
                "reference": "0e133e9da484f2adefd43c837f8b8f35e7e1618b"
            },
            "dist": {
                "type": "zip",
                "url": "https://api.github.com/repos/websharks/wp-php-rv/zipball/0e133e9da484f2adefd43c837f8b8f35e7e1618b",
                "reference": "0e133e9da484f2adefd43c837f8b8f35e7e1618b",
                "shasum": ""
            },
            "require": {
                "php": ">=5.2"
            },
            "type": "library",
            "notification-url": "https://packagist.org/downloads/",
            "license": [
                "GPL-3.0+"
            ],
            "authors": [
                {
                    "name": "jaswsinc",
                    "homepage": "https://jaswsinc.com",
                    "role": "developer"
                },
                {
                    "name": "raamdev",
                    "homepage": "http://raam.org",
                    "role": "developer"
                },
                {
                    "name": "wpsharks",
                    "homepage": "https://wpsharks.com",
                    "role": "company"
                }
            ],
            "description": "Stub for WordPress themes/plugins that require PHP vX.x+.",
            "homepage": "https://github.com/websharks/wp-php-rv",
            "keywords": [
                "php",
                "websharks",
                "wordpress",
                "wpsharks"
            ],
            "time": "2016-07-12 11:55:29"
        }
    ],
    "packages-dev": [],
    "aliases": [],
    "minimum-stability": "dev",
    "stability-flags": {
        "websharks/wp-php-rv": 20,
        "websharks/core": 20
    },
    "prefer-stable": true,
    "prefer-lowest": false,
    "platform": [],
    "platform-dev": []
}
